// !$*UTF8*$!
{
	archiveVersion = 1;
	classes = {
	};
	objectVersion = 50;
	objects = {

/* Begin PBXBuildFile section */
		F467DD5327380ED600BB697C /* DetailViewController.swift in Sources */ = {isa = PBXBuildFile; fileRef = F467DD5227380ED600BB697C /* DetailViewController.swift */; };
		F4A5826B2735F4750077A891 /* AppDelegate.swift in Sources */ = {isa = PBXBuildFile; fileRef = F4A5826A2735F4750077A891 /* AppDelegate.swift */; };
		F4A5826D2735F4750077A891 /* SceneDelegate.swift in Sources */ = {isa = PBXBuildFile; fileRef = F4A5826C2735F4750077A891 /* SceneDelegate.swift */; };
		F4A5826F2735F4750077A891 /* ViewController.swift in Sources */ = {isa = PBXBuildFile; fileRef = F4A5826E2735F4750077A891 /* ViewController.swift */; };
		F4A582722735F4750077A891 /* Main.storyboard in Resources */ = {isa = PBXBuildFile; fileRef = F4A582702735F4750077A891 /* Main.storyboard */; };
		F4A582742735F4770077A891 /* Assets.xcassets in Resources */ = {isa = PBXBuildFile; fileRef = F4A582732735F4770077A891 /* Assets.xcassets */; };
		F4A582772735F4770077A891 /* LaunchScreen.storyboard in Resources */ = {isa = PBXBuildFile; fileRef = F4A582752735F4770077A891 /* LaunchScreen.storyboard */; };
		F4A5827F2735F5220077A891 /* TableViewControllerNuevo.swift in Sources */ = {isa = PBXBuildFile; fileRef = F4A5827E2735F5220077A891 /* TableViewControllerNuevo.swift */; };
		F4A582812735FD840077A891 /* CARROS in Resources */ = {isa = PBXBuildFile; fileRef = F4A582802735FD840077A891 /* CARROS */; };
/* End PBXBuildFile section */

/* Begin PBXFileReference section */
		F467DD5227380ED600BB697C /* DetailViewController.swift */ = {isa = PBXFileReference; lastKnownFileType = sourcecode.swift; path = DetailViewController.swift; sourceTree = "<group>"; };
		F4A582672735F4750077A891 /* MisAutos.app */ = {isa = PBXFileReference; explicitFileType = wrapper.application; includeInIndex = 0; path = MisAutos.app; sourceTree = BUILT_PRODUCTS_DIR; };
		F4A5826A2735F4750077A891 /* AppDelegate.swift */ = {isa = PBXFileReference; lastKnownFileType = sourcecode.swift; path = AppDelegate.swift; sourceTree = "<group>"; };
		F4A5826C2735F4750077A891 /* SceneDelegate.swift */ = {isa = PBXFileReference; lastKnownFileType = sourcecode.swift; path = SceneDelegate.swift; sourceTree = "<group>"; };
		F4A5826E2735F4750077A891 /* ViewController.swift */ = {isa = PBXFileReference; lastKnownFileType = sourcecode.swift; path = ViewController.swift; sourceTree = "<group>"; };
		F4A582712735F4750077A891 /* Base */ = {isa = PBXFileReference; lastKnownFileType = file.storyboard; name = Base; path = Base.lproj/Main.storyboard; sourceTree = "<group>"; };
		F4A582732735F4770077A891 /* Assets.xcassets */ = {isa = PBXFileReference; lastKnownFileType = folder.assetcatalog; path = Assets.xcassets; sourceTree = "<group>"; };
		F4A582762735F4770077A891 /* Base */ = {isa = PBXFileReference; lastKnownFileType = file.storyboard; name = Base; path = Base.lproj/LaunchScreen.storyboard; sourceTree = "<group>"; };
		F4A582782735F4770077A891 /* Info.plist */ = {isa = PBXFileReference; lastKnownFileType = text.plist.xml; path = Info.plist; sourceTree = "<group>"; };
		F4A5827E2735F5220077A891 /* TableViewControllerNuevo.swift */ = {isa = PBXFileReference; lastKnownFileType = sourcecode.swift; path = TableViewControllerNuevo.swift; sourceTree = "<group>"; };
		F4A582802735FD840077A891 /* CARROS */ = {isa = PBXFileReference; lastKnownFileType = folder; path = CARROS; sourceTree = "<group>"; };
/* End PBXFileReference section */

/* Begin PBXFrameworksBuildPhase section */
		F4A582642735F4750077A891 /* Frameworks */ = {
			isa = PBXFrameworksBuildPhase;
			buildActionMask = 2147483647;
			files = (
			);
			runOnlyForDeploymentPostprocessing = 0;
		};
/* End PBXFrameworksBuildPhase section */

/* Begin PBXGroup section */
		F4A5825E2735F4750077A891 = {
			isa = PBXGroup;
			children = (
				F4A582692735F4750077A891 /* MisAutos */,
				F4A582682735F4750077A891 /* Products */,
			);
			sourceTree = "<group>";
		};
		F4A582682735F4750077A891 /* Products */ = {
			isa = PBXGroup;
			children = (
				F4A582672735F4750077A891 /* MisAutos.app */,
			);
			name = Products;
			sourceTree = "<group>";
		};
		F4A582692735F4750077A891 /* MisAutos */ = {
			isa = PBXGroup;
			children = (
				F4A582802735FD840077A891 /* CARROS */,
				F4A5826A2735F4750077A891 /* AppDelegate.swift */,
				F4A5826C2735F4750077A891 /* SceneDelegate.swift */,
				F4A5826E2735F4750077A891 /* ViewController.swift */,
				F4A582702735F4750077A891 /* Main.storyboard */,
				F4A582732735F4770077A891 /* Assets.xcassets */,
				F4A582752735F4770077A891 /* LaunchScreen.storyboard */,
				F4A582782735F4770077A891 /* Info.plist */,
				F4A5827E2735F5220077A891 /* TableViewControllerNuevo.swift */,
				F467DD5227380ED600BB697C /* DetailViewController.swift */,
			);
			path = MisAutos;
			sourceTree = "<group>";
		};
/* End PBXGroup section */

/* Begin PBXNativeTarget section */
		F4A582662735F4750077A891 /* MisAutos */ = {
			isa = PBXNativeTarget;
			buildConfigurationList = F4A5827B2735F4770077A891 /* Build configuration list for PBXNativeTarget "MisAutos" */;
			buildPhases = (
				F4A582632735F4750077A891 /* Sources */,
				F4A582642735F4750077A891 /* Frameworks */,
				F4A582652735F4750077A891 /* Resources */,
			);
			buildRules = (
			);
			dependencies = (
			);
			name = MisAutos;
			productName = MisAutos;
			productReference = F4A582672735F4750077A891 /* MisAutos.app */;
			productType = "com.apple.product-type.application";
		};
/* End PBXNativeTarget section */

/* Begin PBXProject section */
		F4A5825F2735F4750077A891 /* Project object */ = {
			isa = PBXProject;
			attributes = {
				LastSwiftUpdateCheck = 1130;
				LastUpgradeCheck = 1130;
				ORGANIZATIONNAME = RodrigoParedes;
				TargetAttributes = {
					F4A582662735F4750077A891 = {
						CreatedOnToolsVersion = 11.3.1;
					};
				};
			};
			buildConfigurationList = F4A582622735F4750077A891 /* Build configuration list for PBXProject "MisAutos" */;
			compatibilityVersion = "Xcode 9.3";
			developmentRegion = en;
			hasScannedForEncodings = 0;
			knownRegions = (
				en,
				Base,
			);
			mainGroup = F4A5825E2735F4750077A891;
			productRefGroup = F4A582682735F4750077A891 /* Products */;
			projectDirPath = "";
			projectRoot = "";
			targets = (
				F4A582662735F4750077A891 /* MisAutos */,
			);
		};
/* End PBXProject section */

/* Begin PBXResourcesBuildPhase section */
		F4A582652735F4750077A891 /* Resources */ = {
			isa = PBXResourcesBuildPhase;
			buildActionMask = 2147483647;
			files = (
				F4A582812735FD840077A891 /* CARROS in Resources */,
				F4A582772735F4770077A891 /* LaunchScreen.storyboard in Resources */,
				F4A582742735F4770077A891 /* Assets.xcassets in Resources */,
				F4A582722735F4750077A891 /* Main.storyboard in Resources */,
			);
			runOnlyForDeploymentPostprocessing = 0;
		};
/* End PBXResourcesBuildPhase section */

/* Begin PBXSourcesBuildPhase section */
		F4A582632735F4750077A891 /* Sources */ = {
			isa = PBXSourcesBuildPhase;
			buildActionMask = 2147483647;
			files = (
				F4A5826F2735F4750077A891 /* ViewController.swift in Sources */,
				F4A5827F2735F5220077A891 /* TableViewControllerNuevo.swift in Sources */,
				F467DD5327380ED600BB697C /* DetailViewController.swift in Sources */,
				F4A5826B2735F4750077A891 /* AppDelegate.swift in Sources */,
				F4A5826D2735F4750077A891 /* SceneDelegate.swift in Sources */,
			);
			runOnlyForDeploymentPostprocessing = 0;
		};
/* End PBXSourcesBuildPhase section */

/* Begin PBXVariantGroup section */
		F4A582702735F4750077A891 /* Main.storyboard */ = {
			isa = PBXVariantGroup;
			children = (
				F4A582712735F4750077A891 /* Base */,
			);
			name = Main.storyboard;
			sourceTree = "<group>";
		};
		F4A582752735F4770077A891 /* LaunchScreen.storyboard */ = {
			isa = PBXVariantGroup;
			children = (
				F4A582762735F4770077A891 /* Base */,
			);
			name = LaunchScreen.storyboard;
			sourceTree = "<group>";
		};
/* End PBXVariantGroup section */

/* Begin XCBuildConfiguration section */
		F4A582792735F4770077A891 /* Debug */ = {
			isa = XCBuildConfiguration;
			buildSettings = {
				ALWAYS_SEARCH_USER_PATHS = NO;
				CLANG_ANALYZER_NONNULL = YES;
				CLANG_ANALYZER_NUMBER_OBJECT_CONVERSION = YES_AGGRESSIVE;
				CLANG_CXX_LANGUAGE_STANDARD = "gnu++14";
				CLANG_CXX_LIBRARY = "libc++";
				CLANG_ENABLE_MODULES = YES;
				CLANG_ENABLE_OBJC_ARC = YES;
				CLANG_ENABLE_OBJC_WEAK = YES;
				CLANG_WARN_BLOCK_CAPTURE_AUTORELEASING = YES;
				CLANG_WARN_BOOL_CONVERSION = YES;
				CLANG_WARN_COMMA = YES;
				CLANG_WARN_CONSTANT_CONVERSION = YES;
				CLANG_WARN_DEPRECATED_OBJC_IMPLEMENTATIONS = YES;
				CLANG_WARN_DIRECT_OBJC_ISA_USAGE = YES_ERROR;
				CLANG_WARN_DOCUMENTATION_COMMENTS = YES;
				CLANG_WARN_EMPTY_BODY = YES;
				CLANG_WARN_ENUM_CONVERSION = YES;
				CLANG_WARN_INFINITE_RECURSION = YES;
				CLANG_WARN_INT_CONVERSION = YES;
				CLANG_WARN_NON_LITERAL_NULL_CONVERSION = YES;
				CLANG_WARN_OBJC_IMPLICIT_RETAIN_SELF = YES;
				CLANG_WARN_OBJC_LITERAL_CONVERSION = YES;
				CLANG_WARN_OBJC_ROOT_CLASS = YES_ERROR;
				CLANG_WARN_RANGE_LOOP_ANALYSIS = YES;
				CLANG_WARN_STRICT_PROTOTYPES = YES;
				CLANG_WARN_SUSPICIOUS_MOVE = YES;
				CLANG_WARN_UNGUARDED_AVAILABILITY = YES_AGGRESSIVE;
				CLANG_WARN_UNREACHABLE_CODE = YES;
				CLANG_WARN__DUPLICATE_METHOD_MATCH = YES;
				COPY_PHASE_STRIP = NO;
				DEBUG_INFORMATION_FORMAT = dwarf;
				ENABLE_STRICT_OBJC_MSGSEND = YES;
				ENABLE_TESTABILITY = YES;
				GCC_C_LANGUAGE_STANDARD = gnu11;
				GCC_DYNAMIC_NO_PIC = NO;
				GCC_NO_COMMON_BLOCKS = YES;
				GCC_OPTIMIZATION_LEVEL = 0;
				GCC_PREPROCESSOR_DEFINITIONS = (
					"DEBUG=1",
					"$(inherited)",
				);
				GCC_WARN_64_TO_32_BIT_CONVERSION = YES;
				GCC_WARN_ABOUT_RETURN_TYPE = YES_ERROR;
				GCC_WARN_UNDECLARED_SELECTOR = YES;
				GCC_WARN_UNINITIALIZED_AUTOS = YES_AGGRESSIVE;
				GCC_WARN_UNUSED_FUNCTION = YES;
				GCC_WARN_UNUSED_VARIABLE = YES;
				IPHONEOS_DEPLOYMENT_TARGET = 13.2;
				MTL_ENABLE_DEBUG_INFO = INCLUDE_SOURCE;
				MTL_FAST_MATH = YES;
				ONLY_ACTIVE_ARCH = YES;
				SDKROOT = iphoneos;
				SWIFT_ACTIVE_COMPILATION_CONDITIONS = DEBUG;
				SWIFT_OPTIMIZATION_LEVEL = "-Onone";
			};
			name = Debug;
		};
		F4A5827A2735F4770077A891 /* Release */ = {
			isa = XCBuildConfiguration;
			buildSettings = {
				ALWAYS_SEARCH_USER_PATHS = NO;
				CLANG_ANALYZER_NONNULL = YES;
				CLANG_ANALYZER_NUMBER_OBJECT_CONVERSION = YES_AGGRESSIVE;
				CLANG_CXX_LANGUAGE_STANDARD = "gnu++14";
				CLANG_CXX_LIBRARY = "libc++";
				CLANG_ENABLE_MODULES = YES;
				CLANG_ENABLE_OBJC_ARC = YES;
				CLANG_ENABLE_OBJC_WEAK = YES;
				CLANG_WARN_BLOCK_CAPTURE_AUTORELEASING = YES;
				CLANG_WARN_BOOL_CONVERSION = YES;
				CLANG_WARN_COMMA = YES;
				CLANG_WARN_CONSTANT_CONVERSION = YES;
				CLANG_WARN_DEPRECATED_OBJC_IMPLEMENTATIONS = YES;
				CLANG_WARN_DIRECT_OBJC_ISA_USAGE = YES_ERROR;
				CLANG_WARN_DOCUMENTATION_COMMENTS = YES;
				CLANG_WARN_EMPTY_BODY = YES;
				CLANG_WARN_ENUM_CONVERSION = YES;
				CLANG_WARN_INFINITE_RECURSION = YES;
				CLANG_WARN_INT_CONVERSION = YES;
				CLANG_WARN_NON_LITERAL_NULL_CONVERSION = YES;
				CLANG_WARN_OBJC_IMPLICIT_RETAIN_SELF = YES;
				CLANG_WARN_OBJC_LITERAL_CONVERSION = YES;
				CLANG_WARN_OBJC_ROOT_CLASS = YES_ERROR;
				CLANG_WARN_RANGE_LOOP_ANALYSIS = YES;
				CLANG_WARN_STRICT_PROTOTYPES = YES;
				CLANG_WARN_SUSPICIOUS_MOVE = YES;
				CLANG_WARN_UNGUARDED_AVAILABILITY = YES_AGGRESSIVE;
				CLANG_WARN_UNREACHABLE_CODE = YES;
				CLANG_WARN__DUPLICATE_METHOD_MATCH = YES;
				COPY_PHASE_STRIP = NO;
				DEBUG_INFORMATION_FORMAT = "dwarf-with-dsym";
				ENABLE_NS_ASSERTIONS = NO;
				ENABLE_STRICT_OBJC_MSGSEND = YES;
				GCC_C_LANGUAGE_STANDARD = gnu11;
				GCC_NO_COMMON_BLOCKS = YES;
				GCC_WARN_64_TO_32_BIT_CONVERSION = YES;
				GCC_WARN_ABOUT_RETURN_TYPE = YES_ERROR;
				GCC_WARN_UNDECLARED_SELECTOR = YES;
				GCC_WARN_UNINITIALIZED_AUTOS = YES_AGGRESSIVE;
				GCC_WARN_UNUSED_FUNCTION = YES;
				GCC_WARN_UNUSED_VARIABLE = YES;
				IPHONEOS_DEPLOYMENT_TARGET = 13.2;
				MTL_ENABLE_DEBUG_INFO = NO;
				MTL_FAST_MATH = YES;
				SDKROOT = iphoneos;
				SWIFT_COMPILATION_MODE = wholemodule;
				SWIFT_OPTIMIZATION_LEVEL = "-O";
				VALIDATE_PRODUCT = YES;
			};
			name = Release;
		};
		F4A5827C2735F4770077A891 /* Debug */ = {
			isa = XCBuildConfiguration;
			buildSettings = {
				ASSETCATALOG_COMPILER_APPICON_NAME = AppIcon;
				CODE_SIGN_STYLE = Automatic;
				INFOPLIST_FILE = MisAutos/Info.plist;
				LD_RUNPATH_SEARCH_PATHS = (
					"$(inherited)",
					"@executable_path/Frameworks",
				);
				PRODUCT_BUNDLE_IDENTIFIER = ro.com.MisAutos;
				PRODUCT_NAME = "$(TARGET_NAME)";
				SWIFT_VERSION = 5.0;
				TARGETED_DEVICE_FAMILY = "1,2";
			};
			name = Debug;
		};
		F4A5827D2735F4770077A891 /* Release */ = {
			isa = XCBuildConfiguration;
			buildSettings = {
				ASSETCATALOG_COMPILER_APPICON_NAME = AppIcon;
				CODE_SIGN_STYLE = Automatic;
				INFOPLIST_FILE = MisAutos/Info.plist;
				LD_RUNPATH_SEARCH_PATHS = (
					"$(inherited)",
					"@executable_path/Frameworks",
				);
				PRODUCT_BUNDLE_IDENTIFIER = ro.com.MisAutos;
				PRODUCT_NAME = "$(TARGET_NAME)";
				SWIFT_VERSION = 5.0;
				TARGETED_DEVICE_FAMILY = "1,2";
			};
			name = Release;
		};
/* End XCBuildConfiguration section */

/* Begin XCConfigurationList section */
		F4A582622735F4750077A891 /* Build configuration list for PBXProject "MisAutos" */ = {
			isa = XCConfigurationList;
			buildConfigurations = (
				F4A582792735F4770077A891 /* Debug */,
				F4A5827A2735F4770077A891 /* Release */,
			);
			defaultConfigurationIsVisible = 0;
			defaultConfigurationName = Release;
		};
		F4A5827B2735F4770077A891 /* Build configuration list for PBXNativeTarget "MisAutos" */ = {
			isa = XCConfigurationList;
			buildConfigurations = (
				F4A5827C2735F4770077A891 /* Debug */,
				F4A5827D2735F4770077A891 /* Release */,
			);
			defaultConfigurationIsVisible = 0;
			defaultConfigurationName = Release;
		};
/* End XCConfigurationList section */
	};
	rootObject = F4A5825F2735F4750077A891 /* Project object */;
}
